// !$*UTF8*$!
{
	archiveVersion = 1;
	classes = {
	};
	objectVersion = 46;
	objects = {

/* Begin PBXBuildFile section */
		C1A66FE41EF10DBE00B5C0B4 /* AppDelegate.swift in Sources */ = {isa = PBXBuildFile; fileRef = C1A66FE31EF10DBE00B5C0B4 /* AppDelegate.swift */; };
		C1A66FE61EF10DBE00B5C0B4 /* ViewController.swift in Sources */ = {isa = PBXBuildFile; fileRef = C1A66FE51EF10DBE00B5C0B4 /* ViewController.swift */; };
		C1A66FE91EF10DBE00B5C0B4 /* Main.storyboard in Resources */ = {isa = PBXBuildFile; fileRef = C1A66FE71EF10DBE00B5C0B4 /* Main.storyboard */; };
		C1A66FEB1EF10DBE00B5C0B4 /* Assets.xcassets in Resources */ = {isa = PBXBuildFile; fileRef = C1A66FEA1EF10DBE00B5C0B4 /* Assets.xcassets */; };
		C1A66FEE1EF10DBE00B5C0B4 /* LaunchScreen.storyboard in Resources */ = {isa = PBXBuildFile; fileRef = C1A66FEC1EF10DBE00B5C0B4 /* LaunchScreen.storyboard */; };
/* End PBXBuildFile section */

/* Begin PBXFileReference section */
		C1A66FE01EF10DBE00B5C0B4 /* MyTodoList.app */ = {isa = PBXFileReference; explicitFileType = wrapper.application; includeInIndex = 0; path = MyTodoList.app; sourceTree = BUILT_PRODUCTS_DIR; };
		C1A66FE31EF10DBE00B5C0B4 /* AppDelegate.swift */ = {isa = PBXFileReference; lastKnownFileType = sourcecode.swift; path = AppDelegate.swift; sourceTree = "<group>"; };
		C1A66FE51EF10DBE00B5C0B4 /* ViewController.swift */ = {isa = PBXFileReference; lastKnownFileType = sourcecode.swift; path = ViewController.swift; sourceTree = "<group>"; };
		C1A66FE81EF10DBE00B5C0B4 /* Base */ = {isa = PBXFileReference; lastKnownFileType = file.storyboard; name = Base; path = Base.lproj/Main.storyboard; sourceTree = "<group>"; };
		C1A66FEA1EF10DBE00B5C0B4 /* Assets.xcassets */ = {isa = PBXFileReference; lastKnownFileType = folder.assetcatalog; path = Assets.xcassets; sourceTree = "<group>"; };
		C1A66FED1EF10DBE00B5C0B4 /* Base */ = {isa = PBXFileReference; lastKnownFileType = file.storyboard; name = Base; path = Base.lproj/LaunchScreen.storyboard; sourceTree = "<group>"; };
		C1A66FEF1EF10DBE00B5C0B4 /* Info.plist */ = {isa = PBXFileReference; lastKnownFileType = text.plist.xml; path = Info.plist; sourceTree = "<group>"; };
/* End PBXFileReference section */

/* Begin PBXFrameworksBuildPhase section */
		C1A66FDD1EF10DBE00B5C0B4 /* Frameworks */ = {
			isa = PBXFrameworksBuildPhase;
			buildActionMask = 2147483647;
			files = (
			);
			runOnlyForDeploymentPostprocessing = 0;
		};
/* End PBXFrameworksBuildPhase section */

/* Begin PBXGroup section */
		C1A66FD71EF10DBE00B5C0B4 = {
			isa = PBXGroup;
			children = (
				C1A66FE21EF10DBE00B5C0B4 /* MyTodoList */,
				C1A66FE11EF10DBE00B5C0B4 /* Products */,
			);
			sourceTree = "<group>";
		};
		C1A66FE11EF10DBE00B5C0B4 /* Products */ = {
			isa = PBXGroup;
			children = (
				C1A66FE01EF10DBE00B5C0B4 /* MyTodoList.app */,
			);
			name = Products;
			sourceTree = "<group>";
		};
		C1A66FE21EF10DBE00B5C0B4 /* MyTodoList */ = {
			isa = PBXGroup;
			children = (
				C1A66FE31EF10DBE00B5C0B4 /* AppDelegate.swift */,
				C1A66FE51EF10DBE00B5C0B4 /* ViewController.swift */,
				C1A66FE71EF10DBE00B5C0B4 /* Main.storyboard */,
				C1A66FEA1EF10DBE00B5C0B4 /* Assets.xcassets */,
				C1A66FEC1EF10DBE00B5C0B4 /* LaunchScreen.storyboard */,
				C1A66FEF1EF10DBE00B5C0B4 /* Info.plist */,
			);
			path = MyTodoList;
			sourceTree = "<group>";
		};
/* End PBXGroup section */

/* Begin PBXNativeTarget section */
		C1A66FDF1EF10DBE00B5C0B4 /* MyTodoList */ = {
			isa = PBXNativeTarget;
			buildConfigurationList = C1A66FF21EF10DBE00B5C0B4 /* Build configuration list for PBXNativeTarget "MyTodoList" */;
			buildPhases = (
				C1A66FDC1EF10DBE00B5C0B4 /* Sources */,
				C1A66FDD1EF10DBE00B5C0B4 /* Frameworks */,
				C1A66FDE1EF10DBE00B5C0B4 /* Resources */,
			);
			buildRules = (
			);
			dependencies = (
			);
			name = MyTodoList;
			productName = MyTodoList;
			productReference = C1A66FE01EF10DBE00B5C0B4 /* MyTodoList.app */;
			productType = "com.apple.product-type.application";
		};
/* End PBXNativeTarget section */

/* Begin PBXProject section */
		C1A66FD81EF10DBE00B5C0B4 /* Project object */ = {
			isa = PBXProject;
			attributes = {
				LastSwiftUpdateCheck = 0830;
				LastUpgradeCheck = 0830;
				ORGANIZATIONNAME = "Taichi Matsuura";
				TargetAttributes = {
					C1A66FDF1EF10DBE00B5C0B4 = {
						CreatedOnToolsVersion = 8.3.2;
						DevelopmentTeam = J5R9ERF744;
						ProvisioningStyle = Automatic;
					};
				};
			};
			buildConfigurationList = C1A66FDB1EF10DBE00B5C0B4 /* Build configuration list for PBXProject "MyTodoList" */;
			compatibilityVersion = "Xcode 3.2";
			developmentRegion = English;
			hasScannedForEncodings = 0;
			knownRegions = (
				en,
				Base,
			);
			mainGroup = C1A66FD71EF10DBE00B5C0B4;
			productRefGroup = C1A66FE11EF10DBE00B5C0B4 /* Products */;
			projectDirPath = "";
			projectRoot = "";
			targets = (
				C1A66FDF1EF10DBE00B5C0B4 /* MyTodoList */,
			);
		};
/* End PBXProject section */

/* Begin PBXResourcesBuildPhase section */
		C1A66FDE1EF10DBE00B5C0B4 /* Resources */ = {
			isa = PBXResourcesBuildPhase;
			buildActionMask = 2147483647;
			files = (
				C1A66FEE1EF10DBE00B5C0B4 /* LaunchScreen.storyboard in Resources */,
				C1A66FEB1EF10DBE00B5C0B4 /* Assets.xcassets in Resources */,
				C1A66FE91EF10DBE00B5C0B4 /* Main.storyboard in Resources */,
			);
			runOnlyForDeploymentPostprocessing = 0;
		};
/* End PBXResourcesBuildPhase section */

/* Begin PBXSourcesBuildPhase section */
		C1A66FDC1EF10DBE00B5C0B4 /* Sources */ = {
			isa = PBXSourcesBuildPhase;
			buildActionMask = 2147483647;
			files = (
				C1A66FE61EF10DBE00B5C0B4 /* ViewController.swift in Sources */,
				C1A66FE41EF10DBE00B5C0B4 /* AppDelegate.swift in Sources */,
			);
			runOnlyForDeploymentPostprocessing = 0;
		};
/* End PBXSourcesBuildPhase section */

/* Begin PBXVariantGroup section */
		C1A66FE71EF10DBE00B5C0B4 /* Main.storyboard */ = {
			isa = PBXVariantGroup;
			children = (
				C1A66FE81EF10DBE00B5C0B4 /* Base */,
			);
			name = Main.storyboard;
			sourceTree = "<group>";
		};
		C1A66FEC1EF10DBE00B5C0B4 /* LaunchScreen.storyboard */ = {
			isa = PBXVariantGroup;
			children = (
				C1A66FED1EF10DBE00B5C0B4 /* Base */,
			);
			name = LaunchScreen.storyboard;
			sourceTree = "<group>";
		};
/* End PBXVariantGroup section */

/* Begin XCBuildConfiguration section */
		C1A66FF01EF10DBE00B5C0B4 /* Debug */ = {
			isa = XCBuildConfiguration;
			buildSettings = {
				ALWAYS_SEARCH_USER_PATHS = NO;
				CLANG_ANALYZER_NONNULL = YES;
				CLANG_ANALYZER_NUMBER_OBJECT_CONVERSION = YES_AGGRESSIVE;
				CLANG_CXX_LANGUAGE_STANDARD = "gnu++0x";
				CLANG_CXX_LIBRARY = "libc++";
				CLANG_ENABLE_MODULES = YES;
				CLANG_ENABLE_OBJC_ARC = YES;
				CLANG_WARN_BOOL_CONVERSION = YES;
				CLANG_WARN_CONSTANT_CONVERSION = YES;
				CLANG_WARN_DIRECT_OBJC_ISA_USAGE = YES_ERROR;
				CLANG_WARN_DOCUMENTATION_COMMENTS = YES;
				CLANG_WARN_EMPTY_BODY = YES;
				CLANG_WARN_ENUM_CONVERSION = YES;
				CLANG_WARN_INFINITE_RECURSION = YES;
				CLANG_WARN_INT_CONVERSION = YES;
				CLANG_WARN_OBJC_ROOT_CLASS = YES_ERROR;
				CLANG_WARN_SUSPICIOUS_MOVE = YES;
				CLANG_WARN_UNREACHABLE_CODE = YES;
				CLANG_WARN__DUPLICATE_METHOD_MATCH = YES;
				"CODE_SIGN_IDENTITY[sdk=iphoneos*]" = "iPhone Developer";
				COPY_PHASE_STRIP = NO;
				DEBUG_INFORMATION_FORMAT = dwarf;
				ENABLE_STRICT_OBJC_MSGSEND = YES;
				ENABLE_TESTABILITY = YES;
				GCC_C_LANGUAGE_STANDARD = gnu99;
				GCC_DYNAMIC_NO_PIC = NO;
				GCC_NO_COMMON_BLOCKS = YES;
				GCC_OPTIMIZATION_LEVEL = 0;
				GCC_PREPROCESSOR_DEFINITIONS = (
					"DEBUG=1",
					"$(inherited)",
				);
				GCC_WARN_64_TO_32_BIT_CONVERSION = YES;
				GCC_WARN_ABOUT_RETURN_TYPE = YES_ERROR;
				GCC_WARN_UNDECLARED_SELECTOR = YES;
				GCC_WARN_UNINITIALIZED_AUTOS = YES_AGGRESSIVE;
				GCC_WARN_UNUSED_FUNCTION = YES;
				GCC_WARN_UNUSED_VARIABLE = YES;
				IPHONEOS_DEPLOYMENT_TARGET = 10.3;
				MTL_ENABLE_DEBUG_INFO = YES;
				ONLY_ACTIVE_ARCH = YES;
				SDKROOT = iphoneos;
				SWIFT_ACTIVE_COMPILATION_CONDITIONS = DEBUG;
				SWIFT_OPTIMIZATION_LEVEL = "-Onone";
			};
			name = Debug;
		};
		C1A66FF11EF10DBE00B5C0B4 /* Release */ = {
			isa = XCBuildConfiguration;
			buildSettings = {
				ALWAYS_SEARCH_USER_PATHS = NO;
				CLANG_ANALYZER_NONNULL = YES;
				CLANG_ANALYZER_NUMBER_OBJECT_CONVERSION = YES_AGGRESSIVE;
				CLANG_CXX_LANGUAGE_STANDARD = "gnu++0x";
				CLANG_CXX_LIBRARY = "libc++";
				CLANG_ENABLE_MODULES = YES;
				CLANG_ENABLE_OBJC_ARC = YES;
				CLANG_WARN_BOOL_CONVERSION = YES;
				CLANG_WARN_CONSTANT_CONVERSION = YES;
				CLANG_WARN_DIRECT_OBJC_ISA_USAGE = YES_ERROR;
				CLANG_WARN_DOCUMENTATION_COMMENTS = YES;
				CLANG_WARN_EMPTY_BODY = YES;
				CLANG_WARN_ENUM_CONVERSION = YES;
				CLANG_WARN_INFINITE_RECURSION = YES;
				CLANG_WARN_INT_CONVERSION = YES;
				CLANG_WARN_OBJC_ROOT_CLASS = YES_ERROR;
				CLANG_WARN_SUSPICIOUS_MOVE = YES;
				CLANG_WARN_UNREACHABLE_CODE = YES;
				CLANG_WARN__DUPLICATE_METHOD_MATCH = YES;
				"CODE_SIGN_IDENTITY[sdk=iphoneos*]" = "iPhone Developer";
				COPY_PHASE_STRIP = NO;
				DEBUG_INFORMATION_FORMAT = "dwarf-with-dsym";
				ENABLE_NS_ASSERTIONS = NO;
				ENABLE_STRICT_OBJC_MSGSEND = YES;
				GCC_C_LANGUAGE_STANDARD = gnu99;
				GCC_NO_COMMON_BLOCKS = YES;
				GCC_WARN_64_TO_32_BIT_CONVERSION = YES;
				GCC_WARN_ABOUT_RETURN_TYPE = YES_ERROR;
				GCC_WARN_UNDECLARED_SELECTOR = YES;
				GCC_WARN_UNINITIALIZED_AUTOS = YES_AGGRESSIVE;
				GCC_WARN_UNUSED_FUNCTION = YES;
				GCC_WARN_UNUSED_VARIABLE = YES;
				IPHONEOS_DEPLOYMENT_TARGET = 10.3;
				MTL_ENABLE_DEBUG_INFO = NO;
				SDKROOT = iphoneos;
				SWIFT_OPTIMIZATION_LEVEL = "-Owholemodule";
				VALIDATE_PRODUCT = YES;
			};
			name = Release;
		};
		C1A66FF31EF10DBE00B5C0B4 /* Debug */ = {
			isa = XCBuildConfiguration;
			buildSettings = {
				ASSETCATALOG_COMPILER_APPICON_NAME = AppIcon;
				DEVELOPMENT_TEAM = J5R9ERF744;
				INFOPLIST_FILE = MyTodoList/Info.plist;
				LD_RUNPATH_SEARCH_PATHS = "$(inherited) @executable_path/Frameworks";
				PRODUCT_BUNDLE_IDENTIFIER = com.ktec.MyTodoList;
				PRODUCT_NAME = "$(TARGET_NAME)";
				SWIFT_VERSION = 3.0;
			};
			name = Debug;
		};
		C1A66FF41EF10DBE00B5C0B4 /* Release */ = {
			isa = XCBuildConfiguration;
			buildSettings = {
				ASSETCATALOG_COMPILER_APPICON_NAME = AppIcon;
				DEVELOPMENT_TEAM = J5R9ERF744;
				INFOPLIST_FILE = MyTodoList/Info.plist;
				LD_RUNPATH_SEARCH_PATHS = "$(inherited) @executable_path/Frameworks";
				PRODUCT_BUNDLE_IDENTIFIER = com.ktec.MyTodoList;
				PRODUCT_NAME = "$(TARGET_NAME)";
				SWIFT_VERSION = 3.0;
			};
			name = Release;
		};
/* End XCBuildConfiguration section */

/* Begin XCConfigurationList section */
		C1A66FDB1EF10DBE00B5C0B4 /* Build configuration list for PBXProject "MyTodoList" */ = {
			isa = XCConfigurationList;
			buildConfigurations = (
				C1A66FF01EF10DBE00B5C0B4 /* Debug */,
				C1A66FF11EF10DBE00B5C0B4 /* Release */,
			);
			defaultConfigurationIsVisible = 0;
			defaultConfigurationName = Release;
		};
		C1A66FF21EF10DBE00B5C0B4 /* Build configuration list for PBXNativeTarget "MyTodoList" */ = {
			isa = XCConfigurationList;
			buildConfigurations = (
				C1A66FF31EF10DBE00B5C0B4 /* Debug */,
				C1A66FF41EF10DBE00B5C0B4 /* Release */,
			);
			defaultConfigurationIsVisible = 0;
		};
/* End XCConfigurationList section */
	};
	rootObject = C1A66FD81EF10DBE00B5C0B4 /* Project object */;
}
